
Microsoft Visual Studio Solution File, Format Version 12.00
# Visual Studio 15
VisualStudioVersion = 15.0.26430.14
MinimumVisualStudioVersion = 10.0.40219.1
Project("{FAE04EC0-301F-11D3-BF4B-00C04F79EFBC}") = "Sound.Contracts", "Sound.Contracts\Sound.Contracts.csproj", "{83C3F491-7792-4F4F-9D86-9B540707667E}"
EndProject
Project("{FAE04EC0-301F-11D3-BF4B-00C04F79EFBC}") = "Sound", "Sound\Sound.csproj", "{577CCCE9-CD97-4BD7-A29E-D23A6665C57B}"
EndProject
Project("{FAE04EC0-301F-11D3-BF4B-00C04F79EFBC}") = "Graphics.Contracts", "Graphics.Contracts\Graphics.Contracts.csproj", "{A13C5A44-3305-4BD0-9D83-5106A360C30F}"
EndProject
Project("{FAE04EC0-301F-11D3-BF4B-00C04F79EFBC}") = "Graphics", "Graphics\Graphics.csproj", "{96B83948-E522-4FFD-B3E6-93D4080288FE}"
EndProject
Project("{FAE04EC0-301F-11D3-BF4B-00C04F79EFBC}") = "Game", "Game\Game.csproj", "{386A8C51-2B65-4FF5-9EB9-48C28E8A3862}"
EndProject
Global
	GlobalSection(SolutionConfigurationPlatforms) = preSolution
		Debug|Any CPU = Debug|Any CPU
		Release|Any CPU = Release|Any CPU
	EndGlobalSection
	GlobalSection(ProjectConfigurationPlatforms) = postSolution
		{83C3F491-7792-4F4F-9D86-9B540707667E}.Debug|Any CPU.ActiveCfg = Debug|Any CPU
		{83C3F491-7792-4F4F-9D86-9B540707667E}.Debug|Any CPU.Build.0 = Debug|Any CPU
		{83C3F491-7792-4F4F-9D86-9B540707667E}.Release|Any CPU.ActiveCfg = Release|Any CPU
		{83C3F491-7792-4F4F-9D86-9B540707667E}.Release|Any CPU.Build.0 = Release|Any CPU
		{577CCCE9-CD97-4BD7-A29E-D23A6665C57B}.Debug|Any CPU.ActiveCfg = Debug|Any CPU
		{577CCCE9-CD97-4BD7-A29E-D23A6665C57B}.Debug|Any CPU.Build.0 = Debug|Any CPU
		{577CCCE9-CD97-4BD7-A29E-D23A6665C57B}.Release|Any CPU.ActiveCfg = Release|Any CPU
		{577CCCE9-CD97-4BD7-A29E-D23A6665C57B}.Release|Any CPU.Build.0 = Release|Any CPU
		{A13C5A44-3305-4BD0-9D83-5106A360C30F}.Debug|Any CPU.ActiveCfg = Debug|Any CPU
		{A13C5A44-3305-4BD0-9D83-5106A360C30F}.Debug|Any CPU.Build.0 = Debug|Any CPU
		{A13C5A44-3305-4BD0-9D83-5106A360C30F}.Release|Any CPU.ActiveCfg = Release|Any CPU
		{A13C5A44-3305-4BD0-9D83-5106A360C30F}.Release|Any CPU.Build.0 = Release|Any CPU
		{96B83948-E522-4FFD-B3E6-93D4080288FE}.Debug|Any CPU.ActiveCfg = Debug|Any CPU
		{96B83948-E522-4FFD-B3E6-93D4080288FE}.Debug|Any CPU.Build.0 = Debug|Any CPU
		{96B83948-E522-4FFD-B3E6-93D4080288FE}.Release|Any CPU.ActiveCfg = Release|Any CPU
		{96B83948-E522-4FFD-B3E6-93D4080288FE}.Release|Any CPU.Build.0 = Release|Any CPU
		{386A8C51-2B65-4FF5-9EB9-48C28E8A3862}.Debug|Any CPU.ActiveCfg = Debug|Any CPU
		{386A8C51-2B65-4FF5-9EB9-48C28E8A3862}.Debug|Any CPU.Build.0 = Debug|Any CPU
		{386A8C51-2B65-4FF5-9EB9-48C28E8A3862}.Release|Any CPU.ActiveCfg = Release|Any CPU
		{386A8C51-2B65-4FF5-9EB9-48C28E8A3862}.Release|Any CPU.Build.0 = Release|Any CPU
	EndGlobalSection
	GlobalSection(SolutionProperties) = preSolution
		HideSolutionNode = FALSE
	EndGlobalSection
EndGlobal
